
Microsoft Visual Studio Solution File, Format Version 12.00
# Visual Studio 15
VisualStudioVersion = 15.0.28307.902
MinimumVisualStudioVersion = 10.0.40219.1
Project("{FAE04EC0-301F-11D3-BF4B-00C04F79EFBC}") = "fileloop", "fileloop\fileloop.csproj", "{4CD4A417-B55B-4DDF-82D6-91E8BA98A6D5}"
EndProject
Global
	GlobalSection(SolutionConfigurationPlatforms) = preSolution
		Debug|Any CPU = Debug|Any CPU
		Release|Any CPU = Release|Any CPU
	EndGlobalSection
	GlobalSection(ProjectConfigurationPlatforms) = postSolution
		{4CD4A417-B55B-4DDF-82D6-91E8BA98A6D5}.Debug|Any CPU.ActiveCfg = Debug|Any CPU
		{4CD4A417-B55B-4DDF-82D6-91E8BA98A6D5}.Debug|Any CPU.Build.0 = Debug|Any CPU
		{4CD4A417-B55B-4DDF-82D6-91E8BA98A6D5}.Release|Any CPU.ActiveCfg = Release|Any CPU
		{4CD4A417-B55B-4DDF-82D6-91E8BA98A6D5}.Release|Any CPU.Build.0 = Release|Any CPU
	EndGlobalSection
	GlobalSection(SolutionProperties) = preSolution
		HideSolutionNode = FALSE
	EndGlobalSection
	GlobalSection(ExtensibilityGlobals) = postSolution
		SolutionGuid = {FA121F67-300C-4B84-9473-D613F358CC54}
	EndGlobalSection
EndGlobal
