
Microsoft Visual Studio Solution File, Format Version 12.00
# Visual Studio Version 16
VisualStudioVersion = 16.0.29609.76
MinimumVisualStudioVersion = 10.0.40219.1
Project("{FAE04EC0-301F-11D3-BF4B-00C04F79EFBC}") = "graf", "graf.csproj", "{3DFFF019-6FD5-452D-BF23-1F83DF3CE658}"
EndProject
Global
	GlobalSection(SolutionConfigurationPlatforms) = preSolution
		Debug|Any CPU = Debug|Any CPU
		Release|Any CPU = Release|Any CPU
	EndGlobalSection
	GlobalSection(ProjectConfigurationPlatforms) = postSolution
		{3DFFF019-6FD5-452D-BF23-1F83DF3CE658}.Debug|Any CPU.ActiveCfg = Debug|Any CPU
		{3DFFF019-6FD5-452D-BF23-1F83DF3CE658}.Debug|Any CPU.Build.0 = Debug|Any CPU
		{3DFFF019-6FD5-452D-BF23-1F83DF3CE658}.Release|Any CPU.ActiveCfg = Release|Any CPU
		{3DFFF019-6FD5-452D-BF23-1F83DF3CE658}.Release|Any CPU.Build.0 = Release|Any CPU
	EndGlobalSection
	GlobalSection(SolutionProperties) = preSolution
		HideSolutionNode = FALSE
	EndGlobalSection
	GlobalSection(ExtensibilityGlobals) = postSolution
		SolutionGuid = {7173C00B-24C1-4D3B-B3E5-57F7B0FEC268}
	EndGlobalSection
EndGlobal
