
Microsoft Visual Studio Solution File, Format Version 12.00
# Visual Studio 15
VisualStudioVersion = 15.0.28307.168
MinimumVisualStudioVersion = 10.0.40219.1
Project("{FAE04EC0-301F-11D3-BF4B-00C04F79EFBC}") = "levenstein", "levenstein\levenstein.csproj", "{224FA039-F4A9-4D94-B908-08EC73FFF829}"
EndProject
Global
	GlobalSection(SolutionConfigurationPlatforms) = preSolution
		Debug|Any CPU = Debug|Any CPU
		Release|Any CPU = Release|Any CPU
	EndGlobalSection
	GlobalSection(ProjectConfigurationPlatforms) = postSolution
		{224FA039-F4A9-4D94-B908-08EC73FFF829}.Debug|Any CPU.ActiveCfg = Debug|Any CPU
		{224FA039-F4A9-4D94-B908-08EC73FFF829}.Debug|Any CPU.Build.0 = Debug|Any CPU
		{224FA039-F4A9-4D94-B908-08EC73FFF829}.Release|Any CPU.ActiveCfg = Release|Any CPU
		{224FA039-F4A9-4D94-B908-08EC73FFF829}.Release|Any CPU.Build.0 = Release|Any CPU
	EndGlobalSection
	GlobalSection(SolutionProperties) = preSolution
		HideSolutionNode = FALSE
	EndGlobalSection
	GlobalSection(ExtensibilityGlobals) = postSolution
		SolutionGuid = {0C4992BE-CEFA-4BFC-879A-27E90A9A2061}
	EndGlobalSection
EndGlobal
