
Microsoft Visual Studio Solution File, Format Version 12.00
# Visual Studio 15
VisualStudioVersion = 15.0.28307.106
MinimumVisualStudioVersion = 10.0.40219.1
Project("{9A19103F-16F7-4668-BE54-9A1E7A4F7556}") = "the-336", "the-336\the-336.csproj", "{B6439D4D-EB8F-4964-AB56-3D4CE93ECD3A}"
EndProject
Project("{9A19103F-16F7-4668-BE54-9A1E7A4F7556}") = "objecttofile", "objecttofile\objecttofile.csproj", "{C7EADF4A-E231-4663-BC1F-817438770981}"
EndProject
Project("{9A19103F-16F7-4668-BE54-9A1E7A4F7556}") = "beolvasotest", "beolvasotest\beolvasotest.csproj", "{C1DDF94B-BE57-49C7-A269-C8C8D09A8794}"
EndProject
Project("{FAE04EC0-301F-11D3-BF4B-00C04F79EFBC}") = "myclass", "myclass\myclass.csproj", "{E3BAB4B5-112D-41EF-9DAA-165F205D4302}"
EndProject
Global
	GlobalSection(SolutionConfigurationPlatforms) = preSolution
		Debug|Any CPU = Debug|Any CPU
		Release|Any CPU = Release|Any CPU
	EndGlobalSection
	GlobalSection(ProjectConfigurationPlatforms) = postSolution
		{B6439D4D-EB8F-4964-AB56-3D4CE93ECD3A}.Debug|Any CPU.ActiveCfg = Debug|Any CPU
		{B6439D4D-EB8F-4964-AB56-3D4CE93ECD3A}.Debug|Any CPU.Build.0 = Debug|Any CPU
		{B6439D4D-EB8F-4964-AB56-3D4CE93ECD3A}.Release|Any CPU.ActiveCfg = Release|Any CPU
		{B6439D4D-EB8F-4964-AB56-3D4CE93ECD3A}.Release|Any CPU.Build.0 = Release|Any CPU
		{C7EADF4A-E231-4663-BC1F-817438770981}.Debug|Any CPU.ActiveCfg = Debug|Any CPU
		{C7EADF4A-E231-4663-BC1F-817438770981}.Debug|Any CPU.Build.0 = Debug|Any CPU
		{C7EADF4A-E231-4663-BC1F-817438770981}.Release|Any CPU.ActiveCfg = Release|Any CPU
		{C7EADF4A-E231-4663-BC1F-817438770981}.Release|Any CPU.Build.0 = Release|Any CPU
		{C1DDF94B-BE57-49C7-A269-C8C8D09A8794}.Debug|Any CPU.ActiveCfg = Debug|Any CPU
		{C1DDF94B-BE57-49C7-A269-C8C8D09A8794}.Debug|Any CPU.Build.0 = Debug|Any CPU
		{C1DDF94B-BE57-49C7-A269-C8C8D09A8794}.Release|Any CPU.ActiveCfg = Release|Any CPU
		{C1DDF94B-BE57-49C7-A269-C8C8D09A8794}.Release|Any CPU.Build.0 = Release|Any CPU
		{E3BAB4B5-112D-41EF-9DAA-165F205D4302}.Debug|Any CPU.ActiveCfg = Debug|Any CPU
		{E3BAB4B5-112D-41EF-9DAA-165F205D4302}.Debug|Any CPU.Build.0 = Debug|Any CPU
		{E3BAB4B5-112D-41EF-9DAA-165F205D4302}.Release|Any CPU.ActiveCfg = Release|Any CPU
		{E3BAB4B5-112D-41EF-9DAA-165F205D4302}.Release|Any CPU.Build.0 = Release|Any CPU
	EndGlobalSection
	GlobalSection(SolutionProperties) = preSolution
		HideSolutionNode = FALSE
	EndGlobalSection
	GlobalSection(ExtensibilityGlobals) = postSolution
		SolutionGuid = {A1E9619F-3191-4BFA-9CD5-A83B01D3201C}
	EndGlobalSection
EndGlobal
