<?xml version="1.0" encoding="UTF-8" standalone="yes" ?>
<CodeBlocks_project_file>
	<FileVersion major="1" minor="6" />
	<Project>
		<Option title="hazi2" />
		<Option pch_mode="2" />
		<Option compiler="gcc" />
		<Build>
			<Target title="Debug">
				<Option output="bin/Debug/grafikagyak1" prefix_auto="1" extension_auto="1" />
				<Option object_output="obj/Debug/" />
				<Option type="1" />
				<Option compiler="gcc" />
				<Compiler>
					<Add option="-g" />
				</Compiler>
			</Target>
			<Target title="Release">
				<Option output="bin/Release/grafikagyak1" prefix_auto="1" extension_auto="1" />
				<Option object_output="obj/Release/" />
				<Option type="1" />
				<Option compiler="gcc" />
				<Compiler>
					<Add option="-O2" />
				</Compiler>
				<Linker>
					<Add option="-s" />
				</Linker>
			</Target>
		</Build>
		<Compiler>
			<Add option="-Wall" />
			<Add option="-std=c++11" />
			<Add option="-fexceptions" />
			<Add directory="include" />
		</Compiler>
		<Linker>
			<Add library="lib-mingw/glfw3.dll" />
			<Add library="C:/Program Files (x86)/CodeBlocks/MinGW/lib/libgdi32.a" />
			<Add library="C:/Program Files (x86)/CodeBlocks/MinGW/lib/libopengl32.a" />
			<Add directory="lib-mingw" />
		</Linker>
		<Unit filename="Drawable.h" />
		<Unit filename="Game.h" />
		<Unit filename="Line.h" />
		<Unit filename="Pen.h" />
		<Unit filename="Vertices.h" />
		<Unit filename="beziercurve.h" />
		<Unit filename="glad.c">
			<Option compilerVar="CC" />
		</Unit>
		<Unit filename="inputmanagger.h" />
		<Unit filename="lagrange.h" />
		<Unit filename="main.cpp" />
		<Extensions>
			<code_completion />
			<envvars />
			<debugger />
		</Extensions>
	</Project>
</CodeBlocks_project_file>
