
Microsoft Visual Studio Solution File, Format Version 12.00
# Visual Studio Version 16
VisualStudioVersion = 16.0.29609.76
MinimumVisualStudioVersion = 10.0.40219.1
Project("{FAE04EC0-301F-11D3-BF4B-00C04F79EFBC}") = "Functions", "Functions.csproj", "{86E74B85-FB30-49FC-A12F-0E9B8B9C0FC5}"
EndProject
Global
	GlobalSection(SolutionConfigurationPlatforms) = preSolution
		Debug|Any CPU = Debug|Any CPU
		Release|Any CPU = Release|Any CPU
	EndGlobalSection
	GlobalSection(ProjectConfigurationPlatforms) = postSolution
		{86E74B85-FB30-49FC-A12F-0E9B8B9C0FC5}.Debug|Any CPU.ActiveCfg = Debug|Any CPU
		{86E74B85-FB30-49FC-A12F-0E9B8B9C0FC5}.Debug|Any CPU.Build.0 = Debug|Any CPU
		{86E74B85-FB30-49FC-A12F-0E9B8B9C0FC5}.Release|Any CPU.ActiveCfg = Release|Any CPU
		{86E74B85-FB30-49FC-A12F-0E9B8B9C0FC5}.Release|Any CPU.Build.0 = Release|Any CPU
	EndGlobalSection
	GlobalSection(SolutionProperties) = preSolution
		HideSolutionNode = FALSE
	EndGlobalSection
	GlobalSection(ExtensibilityGlobals) = postSolution
		SolutionGuid = {D57451A8-F93C-468D-B1B1-4F9AC7DDF0EE}
	EndGlobalSection
EndGlobal
